
Microsoft Visual Studio Solution File, Format Version 12.00
# Visual Studio Version 17
VisualStudioVersion = 17.14.36414.22 d17.14
MinimumVisualStudioVersion = 10.0.40219.1
Project("{FAE04EC0-301F-11D3-BF4B-00C04F79EFBC}") = "Hangszerek", "Hangszerek.csproj", "{D87859A8-267C-4FD3-9A7A-862D5BD07EEE}"
EndProject
Global
	GlobalSection(SolutionConfigurationPlatforms) = preSolution
		Debug|Any CPU = Debug|Any CPU
		Release|Any CPU = Release|Any CPU
	EndGlobalSection
	GlobalSection(ProjectConfigurationPlatforms) = postSolution
		{D87859A8-267C-4FD3-9A7A-862D5BD07EEE}.Debug|Any CPU.ActiveCfg = Debug|Any CPU
		{D87859A8-267C-4FD3-9A7A-862D5BD07EEE}.Debug|Any CPU.Build.0 = Debug|Any CPU
		{D87859A8-267C-4FD3-9A7A-862D5BD07EEE}.Release|Any CPU.ActiveCfg = Release|Any CPU
		{D87859A8-267C-4FD3-9A7A-862D5BD07EEE}.Release|Any CPU.Build.0 = Release|Any CPU
	EndGlobalSection
	GlobalSection(SolutionProperties) = preSolution
		HideSolutionNode = FALSE
	EndGlobalSection
	GlobalSection(ExtensibilityGlobals) = postSolution
		SolutionGuid = {B0B3393F-55C2-4F50-894B-46EBE8A996FD}
	EndGlobalSection
EndGlobal
